# This file is automatically @generated by Cargo.
# It is not intended for manual editing.
version = 4

[[package]]
name = "checker"
version = "0.1.0"
dependencies = [
 "checker-core",
 "control-plane-client",
 "probe-http",
]

[[package]]
name = "checker-core"
version = "0.1.0"

[[package]]
name = "control-plane-client"
version = "0.1.0"
dependencies = [
 "checker-core",
]

[[package]]
name = "probe-http"
version = "0.1.0"
dependencies = [
 "checker-core",
]
